// !$*UTF8*$!
{
	archiveVersion = 1;
	classes = {
	};
	objectVersion = 90;
	objects = {

/* Begin PBXBuildFile section */
		494052A82EA56865008381B4 /* FreeYT Extension.appex in Embed Foundation Extensions */ = {isa = PBXBuildFile; fileRef = 494052A72EA56865008381B4 /* FreeYT Extension.appex */; settings = {ATTRIBUTES = (RemoveHeadersOnCopy, ); }; };
/* End PBXBuildFile section */

/* Begin PBXContainerItemProxy section */
		494052922EA56864008381B4 /* PBXContainerItemProxy */ = {
			isa = PBXContainerItemProxy;
			containerPortal = 4940526C2EA56864008381B4 /* Project object */;
			proxyType = 1;
			remoteGlobalIDString = 494052732EA56864008381B4;
			remoteInfo = FreeYT;
		};
		4940529C2EA56865008381B4 /* PBXContainerItemProxy */ = {
			isa = PBXContainerItemProxy;
			containerPortal = 4940526C2EA56864008381B4 /* Project object */;
			proxyType = 1;
			remoteGlobalIDString = 494052732EA56864008381B4;
			remoteInfo = FreeYT;
		};
		494052A92EA56865008381B4 /* PBXContainerItemProxy */ = {
			isa = PBXContainerItemProxy;
			containerPortal = 4940526C2EA56864008381B4 /* Project object */;
			proxyType = 1;
			remoteGlobalIDString = 494052A62EA56865008381B4;
			remoteInfo = "FreeYT Extension";
		};
/* End PBXContainerItemProxy section */

/* Begin PBXCopyFilesBuildPhase section */
		494052C62EA56865008381B4 /* Embed Foundation Extensions */ = {
			isa = PBXCopyFilesBuildPhase;
			dstPath = "";
			dstSubfolder = PlugIns;
			files = (
				494052A82EA56865008381B4 /* FreeYT Extension.appex in Embed Foundation Extensions */,
			);
			name = "Embed Foundation Extensions";
		};
/* End PBXCopyFilesBuildPhase section */

/* Begin PBXFileReference section */
		494052742EA56864008381B4 /* FreeYT.app */ = {isa = PBXFileReference; explicitFileType = wrapper.application; includeInIndex = 0; path = FreeYT.app; sourceTree = BUILT_PRODUCTS_DIR; };
		494052912EA56864008381B4 /* FreeYTTests.xctest */ = {isa = PBXFileReference; explicitFileType = wrapper.cfbundle; includeInIndex = 0; path = FreeYTTests.xctest; sourceTree = BUILT_PRODUCTS_DIR; };
		4940529B2EA56865008381B4 /* FreeYTUITests.xctest */ = {isa = PBXFileReference; explicitFileType = wrapper.cfbundle; includeInIndex = 0; path = FreeYTUITests.xctest; sourceTree = BUILT_PRODUCTS_DIR; };
		494052A72EA56865008381B4 /* FreeYT Extension.appex */ = {isa = PBXFileReference; explicitFileType = "wrapper.app-extension"; includeInIndex = 0; path = "FreeYT Extension.appex"; sourceTree = BUILT_PRODUCTS_DIR; };
/* End PBXFileReference section */

/* Begin PBXFileSystemSynchronizedBuildFileExceptionSet section */
		494052C12EA56865008381B4 /* Exceptions for "FreeYT" folder in "FreeYT" target */ = {
			isa = PBXFileSystemSynchronizedBuildFileExceptionSet;
			membershipExceptions = (
				Info.plist,
			);
			target = 494052732EA56864008381B4 /* FreeYT */;
		};
		494052C52EA56865008381B4 /* Exceptions for "FreeYT Extension" folder in "FreeYT Extension" target */ = {
			isa = PBXFileSystemSynchronizedBuildFileExceptionSet;
			membershipExceptions = (
				Info.plist,
			);
			target = 494052A62EA56865008381B4 /* FreeYT Extension */;
		};
/* End PBXFileSystemSynchronizedBuildFileExceptionSet section */

/* Begin PBXFileSystemSynchronizedRootGroup section */
		494052762EA56864008381B4 /* FreeYT */ = {
			isa = PBXFileSystemSynchronizedRootGroup;
			exceptions = (
				494052C12EA56865008381B4 /* Exceptions for "FreeYT" folder in "FreeYT" target */,
			);
			path = FreeYT;
			sourceTree = "<group>";
		};
		494052942EA56864008381B4 /* FreeYTTests */ = {
			isa = PBXFileSystemSynchronizedRootGroup;
			path = FreeYTTests;
			sourceTree = "<group>";
		};
		4940529E2EA56865008381B4 /* FreeYTUITests */ = {
			isa = PBXFileSystemSynchronizedRootGroup;
			path = FreeYTUITests;
			sourceTree = "<group>";
		};
		494052AB2EA56865008381B4 /* FreeYT Extension */ = {
			isa = PBXFileSystemSynchronizedRootGroup;
			exceptions = (
				494052C52EA56865008381B4 /* Exceptions for "FreeYT Extension" folder in "FreeYT Extension" target */,
			);
			explicitFolders = (
				Resources/_locales,
				Resources/images,
			);
			path = "FreeYT Extension";
			sourceTree = "<group>";
		};
/* End PBXFileSystemSynchronizedRootGroup section */

/* Begin PBXFrameworksBuildPhase section */
		494052712EA56864008381B4 /* Frameworks */ = {
			isa = PBXFrameworksBuildPhase;
			files = (
			);
		};
		4940528E2EA56864008381B4 /* Frameworks */ = {
			isa = PBXFrameworksBuildPhase;
			files = (
			);
		};
		494052982EA56865008381B4 /* Frameworks */ = {
			isa = PBXFrameworksBuildPhase;
			files = (
			);
		};
		494052A42EA56865008381B4 /* Frameworks */ = {
			isa = PBXFrameworksBuildPhase;
			files = (
			);
		};
/* End PBXFrameworksBuildPhase section */

/* Begin PBXGroup section */
		4940526B2EA56864008381B4 = {
			isa = PBXGroup;
			children = (
				494052762EA56864008381B4 /* FreeYT */,
				494052942EA56864008381B4 /* FreeYTTests */,
				4940529E2EA56865008381B4 /* FreeYTUITests */,
				494052AB2EA56865008381B4 /* FreeYT Extension */,
				494052752EA56864008381B4 /* Products */,
			);
			sourceTree = "<group>";
		};
		494052752EA56864008381B4 /* Products */ = {
			isa = PBXGroup;
			children = (
				494052742EA56864008381B4 /* FreeYT.app */,
				494052912EA56864008381B4 /* FreeYTTests.xctest */,
				4940529B2EA56865008381B4 /* FreeYTUITests.xctest */,
				494052A72EA56865008381B4 /* FreeYT Extension.appex */,
			);
			name = Products;
			sourceTree = "<group>";
		};
/* End PBXGroup section */

/* Begin PBXNativeTarget section */
		494052732EA56864008381B4 /* FreeYT */ = {
			isa = PBXNativeTarget;
			buildConfigurationList = 494052C72EA56865008381B4 /* Build configuration list for PBXNativeTarget "FreeYT" */;
			buildPhases = (
				494052702EA56864008381B4 /* Sources */,
				494052712EA56864008381B4 /* Frameworks */,
				494052722EA56864008381B4 /* Resources */,
				494052C62EA56865008381B4 /* Embed Foundation Extensions */,
			);
			buildRules = (
			);
			dependencies = (
				494052AA2EA56865008381B4 /* PBXTargetDependency */,
			);
			fileSystemSynchronizedGroups = (
				494052762EA56864008381B4 /* FreeYT */,
			);
			name = FreeYT;
			productName = FreeYT;
			productReference = 494052742EA56864008381B4 /* FreeYT.app */;
			productType = "com.apple.product-type.application";
		};
		494052902EA56864008381B4 /* FreeYTTests */ = {
			isa = PBXNativeTarget;
			buildConfigurationList = 494052CC2EA56865008381B4 /* Build configuration list for PBXNativeTarget "FreeYTTests" */;
			buildPhases = (
				4940528D2EA56864008381B4 /* Sources */,
				4940528E2EA56864008381B4 /* Frameworks */,
				4940528F2EA56864008381B4 /* Resources */,
			);
			buildRules = (
			);
			dependencies = (
				494052932EA56864008381B4 /* PBXTargetDependency */,
			);
			fileSystemSynchronizedGroups = (
				494052942EA56864008381B4 /* FreeYTTests */,
			);
			name = FreeYTTests;
			productName = FreeYTTests;
			productReference = 494052912EA56864008381B4 /* FreeYTTests.xctest */;
			productType = "com.apple.product-type.bundle.unit-test";
		};
		4940529A2EA56865008381B4 /* FreeYTUITests */ = {
			isa = PBXNativeTarget;
			buildConfigurationList = 494052CF2EA56865008381B4 /* Build configuration list for PBXNativeTarget "FreeYTUITests" */;
			buildPhases = (
				494052972EA56865008381B4 /* Sources */,
				494052982EA56865008381B4 /* Frameworks */,
				494052992EA56865008381B4 /* Resources */,
			);
			buildRules = (
			);
			dependencies = (
				4940529D2EA56865008381B4 /* PBXTargetDependency */,
			);
			fileSystemSynchronizedGroups = (
				4940529E2EA56865008381B4 /* FreeYTUITests */,
			);
			name = FreeYTUITests;
			productName = FreeYTUITests;
			productReference = 4940529B2EA56865008381B4 /* FreeYTUITests.xctest */;
			productType = "com.apple.product-type.bundle.ui-testing";
		};
		494052A62EA56865008381B4 /* FreeYT Extension */ = {
			isa = PBXNativeTarget;
			buildConfigurationList = 494052C22EA56865008381B4 /* Build configuration list for PBXNativeTarget "FreeYT Extension" */;
			buildPhases = (
				494052A32EA56865008381B4 /* Sources */,
				494052A42EA56865008381B4 /* Frameworks */,
				494052A52EA56865008381B4 /* Resources */,
			);
			buildRules = (
			);
			fileSystemSynchronizedGroups = (
				494052AB2EA56865008381B4 /* FreeYT Extension */,
			);
			name = "FreeYT Extension";
			productName = "FreeYT Extension";
			productReference = 494052A72EA56865008381B4 /* FreeYT Extension.appex */;
			productType = "com.apple.product-type.app-extension";
		};
/* End PBXNativeTarget section */

/* Begin PBXProject section */
		4940526C2EA56864008381B4 /* Project object */ = {
			isa = PBXProject;
			attributes = {
				BuildIndependentTargetsInParallel = 1;
				LastSwiftUpdateCheck = 2600;
				LastUpgradeCheck = 2610;
				TargetAttributes = {
					494052732EA56864008381B4 = {
						CreatedOnToolsVersion = 26.0.1;
					};
					494052902EA56864008381B4 = {
						CreatedOnToolsVersion = 26.0.1;
						TestTargetID = 494052732EA56864008381B4;
					};
					4940529A2EA56865008381B4 = {
						CreatedOnToolsVersion = 26.0.1;
						TestTargetID = 494052732EA56864008381B4;
					};
					494052A62EA56865008381B4 = {
						CreatedOnToolsVersion = 26.0.1;
					};
				};
			};
			buildConfigurationList = 4940526F2EA56864008381B4 /* Build configuration list for PBXProject "FreeYT" */;
			developmentRegion = en;
			hasScannedForEncodings = 0;
			knownRegions = (
				en,
				Base,
			);
			mainGroup = 4940526B2EA56864008381B4;
			minimizedProjectReferenceProxies = 1;
			preferredProjectObjectVersion = 90;
			productRefGroup = 494052752EA56864008381B4 /* Products */;
			projectDirPath = "";
			projectRoot = "";
			targets = (
				494052732EA56864008381B4 /* FreeYT */,
				494052902EA56864008381B4 /* FreeYTTests */,
				4940529A2EA56865008381B4 /* FreeYTUITests */,
				494052A62EA56865008381B4 /* FreeYT Extension */,
			);
		};
/* End PBXProject section */

/* Begin PBXResourcesBuildPhase section */
		494052722EA56864008381B4 /* Resources */ = {
			isa = PBXResourcesBuildPhase;
			files = (
			);
		};
		4940528F2EA56864008381B4 /* Resources */ = {
			isa = PBXResourcesBuildPhase;
			files = (
			);
		};
		494052992EA56865008381B4 /* Resources */ = {
			isa = PBXResourcesBuildPhase;
			files = (
			);
		};
		494052A52EA56865008381B4 /* Resources */ = {
			isa = PBXResourcesBuildPhase;
			files = (
			);
		};
/* End PBXResourcesBuildPhase section */

/* Begin PBXSourcesBuildPhase section */
		494052702EA56864008381B4 /* Sources */ = {
			isa = PBXSourcesBuildPhase;
			files = (
			);
		};
		4940528D2EA56864008381B4 /* Sources */ = {
			isa = PBXSourcesBuildPhase;
			files = (
			);
		};
		494052972EA56865008381B4 /* Sources */ = {
			isa = PBXSourcesBuildPhase;
			files = (
			);
		};
		494052A32EA56865008381B4 /* Sources */ = {
			isa = PBXSourcesBuildPhase;
			files = (
			);
		};
/* End PBXSourcesBuildPhase section */

/* Begin PBXTargetDependency section */
		494052932EA56864008381B4 /* PBXTargetDependency */ = {
			isa = PBXTargetDependency;
			target = 494052732EA56864008381B4 /* FreeYT */;
			targetProxy = 494052922EA56864008381B4 /* PBXContainerItemProxy */;
		};
		4940529D2EA56865008381B4 /* PBXTargetDependency */ = {
			isa = PBXTargetDependency;
			target = 494052732EA56864008381B4 /* FreeYT */;
			targetProxy = 4940529C2EA56865008381B4 /* PBXContainerItemProxy */;
		};
		494052AA2EA56865008381B4 /* PBXTargetDependency */ = {
			isa = PBXTargetDependency;
			target = 494052A62EA56865008381B4 /* FreeYT Extension */;
			targetProxy = 494052A92EA56865008381B4 /* PBXContainerItemProxy */;
		};
/* End PBXTargetDependency section */

/* Begin XCBuildConfiguration section */
		494052C32EA56865008381B4 /* Debug configuration for PBXNativeTarget "FreeYT Extension" */ = {
			isa = XCBuildConfiguration;
			buildSettings = {
				CODE_SIGN_STYLE = Automatic;
				CURRENT_PROJECT_VERSION = 1;
				DEVELOPMENT_TEAM = UZD4BS94DT;
				GENERATE_INFOPLIST_FILE = YES;
				INFOPLIST_FILE = "FreeYT Extension/Info.plist";
				INFOPLIST_KEY_CFBundleDisplayName = "FreeYT Extension";
				INFOPLIST_KEY_NSHumanReadableCopyright = "";
				IPHONEOS_DEPLOYMENT_TARGET = 15.0;
				MACOSX_DEPLOYMENT_TARGET = 14.0;
				SUPPORTED_PLATFORMS = "iphoneos iphonesimulator macosx";
				SUPPORTS_MACCATALYST = YES;
				PRODUCT_BUNDLE_IDENTIFIER = com.rishabh.FreeYT.Extension;
				"PRODUCT_BUNDLE_IDENTIFIER[sdk=macosx*]" = com.rishabh.FreeYT.Extension;
				LD_RUNPATH_SEARCH_PATHS = (
					"$(inherited)",
					"@executable_path/Frameworks",
					"@executable_path/../../Frameworks",
				);
				MARKETING_VERSION = 1.0;
				OTHER_LDFLAGS = (
					"-framework",
					SafariServices,
				);
				PRODUCT_BUNDLE_IDENTIFIER = com.rishabh.FreeYT.Extension;
				PRODUCT_NAME = "$(TARGET_NAME)";
				SKIP_INSTALL = YES;
				STRING_CATALOG_GENERATE_SYMBOLS = YES;
				SWIFT_APPROACHABLE_CONCURRENCY = YES;
				SWIFT_EMIT_LOC_STRINGS = YES;
				SWIFT_UPCOMING_FEATURE_MEMBER_IMPORT_VISIBILITY = YES;
				SWIFT_VERSION = 5.0;
				TARGETED_DEVICE_FAMILY = "1,2";
			};
			name = Debug;
		};
		494052C42EA56865008381B4 /* Release configuration for PBXNativeTarget "FreeYT Extension" */ = {
			isa = XCBuildConfiguration;
			buildSettings = {
				CODE_SIGN_STYLE = Automatic;
				CURRENT_PROJECT_VERSION = 1;
				DEVELOPMENT_TEAM = UZD4BS94DT;
				GENERATE_INFOPLIST_FILE = YES;
				INFOPLIST_FILE = "FreeYT Extension/Info.plist";
				INFOPLIST_KEY_CFBundleDisplayName = "FreeYT Extension";
				INFOPLIST_KEY_NSHumanReadableCopyright = "";
				IPHONEOS_DEPLOYMENT_TARGET = 15.0;
				MACOSX_DEPLOYMENT_TARGET = 14.0;
				SUPPORTED_PLATFORMS = "iphoneos iphonesimulator macosx";
				SUPPORTS_MACCATALYST = YES;
				PRODUCT_BUNDLE_IDENTIFIER = com.rishabh.FreeYT.Extension;
				"PRODUCT_BUNDLE_IDENTIFIER[sdk=macosx*]" = com.rishabh.FreeYT.Extension;
				LD_RUNPATH_SEARCH_PATHS = (
					"$(inherited)",
					"@executable_path/Frameworks",
					"@executable_path/../../Frameworks",
				);
				MARKETING_VERSION = 1.0;
				OTHER_LDFLAGS = (
					"-framework",
					SafariServices,
				);
				PRODUCT_BUNDLE_IDENTIFIER = com.rishabh.FreeYT.Extension;
				PRODUCT_NAME = "$(TARGET_NAME)";
				SKIP_INSTALL = YES;
				STRING_CATALOG_GENERATE_SYMBOLS = YES;
				SWIFT_APPROACHABLE_CONCURRENCY = YES;
				SWIFT_EMIT_LOC_STRINGS = YES;
				SWIFT_UPCOMING_FEATURE_MEMBER_IMPORT_VISIBILITY = YES;
				SWIFT_VERSION = 5.0;
				TARGETED_DEVICE_FAMILY = "1,2";
			};
			name = Release;
		};
		494052C82EA56865008381B4 /* Debug configuration for PBXNativeTarget "FreeYT" */ = {
			isa = XCBuildConfiguration;
			buildSettings = {
				ASSETCATALOG_COMPILER_APPICON_NAME = AppIcon;
				ASSETCATALOG_COMPILER_GLOBAL_ACCENT_COLOR_NAME = AccentColor;
				CODE_SIGN_STYLE = Automatic;
				CURRENT_PROJECT_VERSION = 1;
				DEVELOPMENT_TEAM = UZD4BS94DT;
				GENERATE_INFOPLIST_FILE = YES;
				INFOPLIST_FILE = FreeYT/Info.plist;
				INFOPLIST_KEY_CFBundleDisplayName = FreeYT;
				INFOPLIST_KEY_UIApplicationSupportsIndirectInputEvents = YES;
				INFOPLIST_KEY_UILaunchStoryboardName = LaunchScreen;
				INFOPLIST_KEY_UIMainStoryboardFile = Main;
				INFOPLIST_KEY_UISupportedInterfaceOrientations_iPad = "UIInterfaceOrientationPortrait UIInterfaceOrientationPortraitUpsideDown UIInterfaceOrientationLandscapeLeft UIInterfaceOrientationLandscapeRight";
				INFOPLIST_KEY_UISupportedInterfaceOrientations_iPhone = "UIInterfaceOrientationPortrait UIInterfaceOrientationLandscapeLeft UIInterfaceOrientationLandscapeRight";
				IPHONEOS_DEPLOYMENT_TARGET = 15.0;
				MACOSX_DEPLOYMENT_TARGET = 14.0;
				SUPPORTED_PLATFORMS = "iphoneos iphonesimulator macosx";
				SUPPORTS_MACCATALYST = YES;
				PRODUCT_BUNDLE_IDENTIFIER = com.rishabh.FreeYT;
				"PRODUCT_BUNDLE_IDENTIFIER[sdk=macosx*]" = com.rishabh.FreeYT;
				LD_RUNPATH_SEARCH_PATHS = (
					"$(inherited)",
					"@executable_path/Frameworks",
				);
				MARKETING_VERSION = 1.0;
				OTHER_LDFLAGS = (
					"-framework",
					SafariServices,
					"-framework",
					WebKit,
				);
				PRODUCT_BUNDLE_IDENTIFIER = com.rishabh.FreeYT;
				PRODUCT_NAME = "$(TARGET_NAME)";
				STRING_CATALOG_GENERATE_SYMBOLS = YES;
				SWIFT_APPROACHABLE_CONCURRENCY = YES;
				SWIFT_DEFAULT_ACTOR_ISOLATION = MainActor;
				SWIFT_EMIT_LOC_STRINGS = YES;
				SWIFT_UPCOMING_FEATURE_MEMBER_IMPORT_VISIBILITY = YES;
				SWIFT_VERSION = 5.0;
				TARGETED_DEVICE_FAMILY = "1,2";
			};
			name = Debug;
		};
		494052C92EA56865008381B4 /* Release configuration for PBXNativeTarget "FreeYT" */ = {
			isa = XCBuildConfiguration;
			buildSettings = {
				ASSETCATALOG_COMPILER_APPICON_NAME = AppIcon;
				ASSETCATALOG_COMPILER_GLOBAL_ACCENT_COLOR_NAME = AccentColor;
				CODE_SIGN_STYLE = Automatic;
				CURRENT_PROJECT_VERSION = 1;
				DEVELOPMENT_TEAM = UZD4BS94DT;
				GENERATE_INFOPLIST_FILE = YES;
				INFOPLIST_FILE = FreeYT/Info.plist;
				INFOPLIST_KEY_CFBundleDisplayName = FreeYT;
				INFOPLIST_KEY_UIApplicationSupportsIndirectInputEvents = YES;
				INFOPLIST_KEY_UILaunchStoryboardName = LaunchScreen;
				INFOPLIST_KEY_UIMainStoryboardFile = Main;
				INFOPLIST_KEY_UISupportedInterfaceOrientations_iPad = "UIInterfaceOrientationPortrait UIInterfaceOrientationPortraitUpsideDown UIInterfaceOrientationLandscapeLeft UIInterfaceOrientationLandscapeRight";
				INFOPLIST_KEY_UISupportedInterfaceOrientations_iPhone = "UIInterfaceOrientationPortrait UIInterfaceOrientationLandscapeLeft UIInterfaceOrientationLandscapeRight";
				IPHONEOS_DEPLOYMENT_TARGET = 15.0;
				MACOSX_DEPLOYMENT_TARGET = 14.0;
				SUPPORTED_PLATFORMS = "iphoneos iphonesimulator macosx";
				SUPPORTS_MACCATALYST = YES;
				PRODUCT_BUNDLE_IDENTIFIER = com.rishabh.FreeYT;
				"PRODUCT_BUNDLE_IDENTIFIER[sdk=macosx*]" = com.rishabh.FreeYT;
				LD_RUNPATH_SEARCH_PATHS = (
					"$(inherited)",
					"@executable_path/Frameworks",
				);
				MARKETING_VERSION = 1.0;
				OTHER_LDFLAGS = (
					"-framework",
					SafariServices,
					"-framework",
					WebKit,
				);
				PRODUCT_BUNDLE_IDENTIFIER = com.rishabh.FreeYT;
				PRODUCT_NAME = "$(TARGET_NAME)";
				STRING_CATALOG_GENERATE_SYMBOLS = YES;
				SWIFT_APPROACHABLE_CONCURRENCY = YES;
				SWIFT_DEFAULT_ACTOR_ISOLATION = MainActor;
				SWIFT_EMIT_LOC_STRINGS = YES;
				SWIFT_UPCOMING_FEATURE_MEMBER_IMPORT_VISIBILITY = YES;
				SWIFT_VERSION = 5.0;
				TARGETED_DEVICE_FAMILY = "1,2";
			};
			name = Release;
		};
		494052CA2EA56865008381B4 /* Debug configuration for PBXProject "FreeYT" */ = {
			isa = XCBuildConfiguration;
			buildSettings = {
				ALWAYS_SEARCH_USER_PATHS = NO;
				ASSETCATALOG_COMPILER_GENERATE_SWIFT_ASSET_SYMBOL_EXTENSIONS = YES;
				CLANG_ANALYZER_NONNULL = YES;
				CLANG_ANALYZER_NUMBER_OBJECT_CONVERSION = YES_AGGRESSIVE;
				CLANG_CXX_LANGUAGE_STANDARD = "gnu++20";
				CLANG_ENABLE_MODULES = YES;
				CLANG_ENABLE_OBJC_ARC = YES;
				CLANG_ENABLE_OBJC_WEAK = YES;
				CLANG_WARN_BLOCK_CAPTURE_AUTORELEASING = YES;
				CLANG_WARN_BOOL_CONVERSION = YES;
				CLANG_WARN_COMMA = YES;
				CLANG_WARN_CONSTANT_CONVERSION = YES;
				CLANG_WARN_DEPRECATED_OBJC_IMPLEMENTATIONS = YES;
				CLANG_WARN_DIRECT_OBJC_ISA_USAGE = YES_ERROR;
				CLANG_WARN_DOCUMENTATION_COMMENTS = YES;
				CLANG_WARN_EMPTY_BODY = YES;
				CLANG_WARN_ENUM_CONVERSION = YES;
				CLANG_WARN_INFINITE_RECURSION = YES;
				CLANG_WARN_INT_CONVERSION = YES;
				CLANG_WARN_NON_LITERAL_NULL_CONVERSION = YES;
				CLANG_WARN_OBJC_IMPLICIT_RETAIN_SELF = YES;
				CLANG_WARN_OBJC_LITERAL_CONVERSION = YES;
				CLANG_WARN_OBJC_ROOT_CLASS = YES_ERROR;
				CLANG_WARN_QUOTED_INCLUDE_IN_FRAMEWORK_HEADER = YES;
				CLANG_WARN_RANGE_LOOP_ANALYSIS = YES;
				CLANG_WARN_STRICT_PROTOTYPES = YES;
				CLANG_WARN_SUSPICIOUS_MOVE = YES;
				CLANG_WARN_UNGUARDED_AVAILABILITY = YES_AGGRESSIVE;
				CLANG_WARN_UNREACHABLE_CODE = YES;
				CLANG_WARN__DUPLICATE_METHOD_MATCH = YES;
				COPY_PHASE_STRIP = NO;
				DEBUG_INFORMATION_FORMAT = dwarf;
				DEVELOPMENT_TEAM = UZD4BS94DT;
				ENABLE_STRICT_OBJC_MSGSEND = YES;
				ENABLE_TESTABILITY = YES;
				ENABLE_USER_SCRIPT_SANDBOXING = YES;
				GCC_C_LANGUAGE_STANDARD = gnu17;
				GCC_DYNAMIC_NO_PIC = NO;
				GCC_NO_COMMON_BLOCKS = YES;
				GCC_OPTIMIZATION_LEVEL = 0;
				GCC_PREPROCESSOR_DEFINITIONS = (
					"DEBUG=1",
					"$(inherited)",
				);
				GCC_WARN_64_TO_32_BIT_CONVERSION = YES;
				GCC_WARN_ABOUT_RETURN_TYPE = YES_ERROR;
				GCC_WARN_UNDECLARED_SELECTOR = YES;
				GCC_WARN_UNINITIALIZED_AUTOS = YES_AGGRESSIVE;
				GCC_WARN_UNUSED_FUNCTION = YES;
				GCC_WARN_UNUSED_VARIABLE = YES;
				IPHONEOS_DEPLOYMENT_TARGET = 26.0;
				LOCALIZATION_PREFERS_STRING_CATALOGS = YES;
				MTL_ENABLE_DEBUG_INFO = INCLUDE_SOURCE;
				MTL_FAST_MATH = YES;
				ONLY_ACTIVE_ARCH = YES;
				SDKROOT = iphoneos;
				STRING_CATALOG_GENERATE_SYMBOLS = YES;
				SWIFT_ACTIVE_COMPILATION_CONDITIONS = "DEBUG $(inherited)";
				SWIFT_OPTIMIZATION_LEVEL = "-Onone";
			};
			name = Debug;
		};
		494052CB2EA56865008381B4 /* Release configuration for PBXProject "FreeYT" */ = {
			isa = XCBuildConfiguration;
			buildSettings = {
				ALWAYS_SEARCH_USER_PATHS = NO;
				ASSETCATALOG_COMPILER_GENERATE_SWIFT_ASSET_SYMBOL_EXTENSIONS = YES;
				CLANG_ANALYZER_NONNULL = YES;
				CLANG_ANALYZER_NUMBER_OBJECT_CONVERSION = YES_AGGRESSIVE;
				CLANG_CXX_LANGUAGE_STANDARD = "gnu++20";
				CLANG_ENABLE_MODULES = YES;
				CLANG_ENABLE_OBJC_ARC = YES;
				CLANG_ENABLE_OBJC_WEAK = YES;
				CLANG_WARN_BLOCK_CAPTURE_AUTORELEASING = YES;
				CLANG_WARN_BOOL_CONVERSION = YES;
				CLANG_WARN_COMMA = YES;
				CLANG_WARN_CONSTANT_CONVERSION = YES;
				CLANG_WARN_DEPRECATED_OBJC_IMPLEMENTATIONS = YES;
				CLANG_WARN_DIRECT_OBJC_ISA_USAGE = YES_ERROR;
				CLANG_WARN_DOCUMENTATION_COMMENTS = YES;
				CLANG_WARN_EMPTY_BODY = YES;
				CLANG_WARN_ENUM_CONVERSION = YES;
				CLANG_WARN_INFINITE_RECURSION = YES;
				CLANG_WARN_INT_CONVERSION = YES;
				CLANG_WARN_NON_LITERAL_NULL_CONVERSION = YES;
				CLANG_WARN_OBJC_IMPLICIT_RETAIN_SELF = YES;
				CLANG_WARN_OBJC_LITERAL_CONVERSION = YES;
				CLANG_WARN_OBJC_ROOT_CLASS = YES_ERROR;
				CLANG_WARN_QUOTED_INCLUDE_IN_FRAMEWORK_HEADER = YES;
				CLANG_WARN_RANGE_LOOP_ANALYSIS = YES;
				CLANG_WARN_STRICT_PROTOTYPES = YES;
				CLANG_WARN_SUSPICIOUS_MOVE = YES;
				CLANG_WARN_UNGUARDED_AVAILABILITY = YES_AGGRESSIVE;
				CLANG_WARN_UNREACHABLE_CODE = YES;
				CLANG_WARN__DUPLICATE_METHOD_MATCH = YES;
				COPY_PHASE_STRIP = NO;
				DEBUG_INFORMATION_FORMAT = "dwarf-with-dsym";
				DEVELOPMENT_TEAM = UZD4BS94DT;
				ENABLE_NS_ASSERTIONS = NO;
				ENABLE_STRICT_OBJC_MSGSEND = YES;
				ENABLE_USER_SCRIPT_SANDBOXING = YES;
				GCC_C_LANGUAGE_STANDARD = gnu17;
				GCC_NO_COMMON_BLOCKS = YES;
				GCC_WARN_64_TO_32_BIT_CONVERSION = YES;
				GCC_WARN_ABOUT_RETURN_TYPE = YES_ERROR;
				GCC_WARN_UNDECLARED_SELECTOR = YES;
				GCC_WARN_UNINITIALIZED_AUTOS = YES_AGGRESSIVE;
				GCC_WARN_UNUSED_FUNCTION = YES;
				GCC_WARN_UNUSED_VARIABLE = YES;
				IPHONEOS_DEPLOYMENT_TARGET = 26.0;
				LOCALIZATION_PREFERS_STRING_CATALOGS = YES;
				MTL_ENABLE_DEBUG_INFO = NO;
				MTL_FAST_MATH = YES;
				SDKROOT = iphoneos;
				STRING_CATALOG_GENERATE_SYMBOLS = YES;
				SWIFT_COMPILATION_MODE = wholemodule;
				VALIDATE_PRODUCT = YES;
			};
			name = Release;
		};
		494052CD2EA56865008381B4 /* Debug configuration for PBXNativeTarget "FreeYTTests" */ = {
			isa = XCBuildConfiguration;
			buildSettings = {
				BUNDLE_LOADER = "$(TEST_HOST)";
				CODE_SIGN_STYLE = Automatic;
				CURRENT_PROJECT_VERSION = 1;
				DEVELOPMENT_TEAM = UZD4BS94DT;
				GENERATE_INFOPLIST_FILE = YES;
				IPHONEOS_DEPLOYMENT_TARGET = 15.0;
				MARKETING_VERSION = 1.0;
				PRODUCT_BUNDLE_IDENTIFIER = com.rishabh.FreeYTTests;
				PRODUCT_NAME = "$(TARGET_NAME)";
				STRING_CATALOG_GENERATE_SYMBOLS = NO;
				SWIFT_APPROACHABLE_CONCURRENCY = YES;
				SWIFT_EMIT_LOC_STRINGS = NO;
				SWIFT_UPCOMING_FEATURE_MEMBER_IMPORT_VISIBILITY = YES;
				SWIFT_VERSION = 5.0;
				TARGETED_DEVICE_FAMILY = "1,2";
				TEST_HOST = "$(BUILT_PRODUCTS_DIR)/FreeYT.app/$(BUNDLE_EXECUTABLE_FOLDER_PATH)/FreeYT";
			};
			name = Debug;
		};
		494052CE2EA56865008381B4 /* Release configuration for PBXNativeTarget "FreeYTTests" */ = {
			isa = XCBuildConfiguration;
			buildSettings = {
				BUNDLE_LOADER = "$(TEST_HOST)";
				CODE_SIGN_STYLE = Automatic;
				CURRENT_PROJECT_VERSION = 1;
				DEVELOPMENT_TEAM = UZD4BS94DT;
				GENERATE_INFOPLIST_FILE = YES;
				IPHONEOS_DEPLOYMENT_TARGET = 15.0;
				MARKETING_VERSION = 1.0;
				PRODUCT_BUNDLE_IDENTIFIER = com.rishabh.FreeYTTests;
				PRODUCT_NAME = "$(TARGET_NAME)";
				STRING_CATALOG_GENERATE_SYMBOLS = NO;
				SWIFT_APPROACHABLE_CONCURRENCY = YES;
				SWIFT_EMIT_LOC_STRINGS = NO;
				SWIFT_UPCOMING_FEATURE_MEMBER_IMPORT_VISIBILITY = YES;
				SWIFT_VERSION = 5.0;
				TARGETED_DEVICE_FAMILY = "1,2";
				TEST_HOST = "$(BUILT_PRODUCTS_DIR)/FreeYT.app/$(BUNDLE_EXECUTABLE_FOLDER_PATH)/FreeYT";
			};
			name = Release;
		};
		494052D02EA56865008381B4 /* Debug configuration for PBXNativeTarget "FreeYTUITests" */ = {
			isa = XCBuildConfiguration;
			buildSettings = {
				CODE_SIGN_STYLE = Automatic;
				CURRENT_PROJECT_VERSION = 1;
				DEVELOPMENT_TEAM = UZD4BS94DT;
				GENERATE_INFOPLIST_FILE = YES;
				MARKETING_VERSION = 1.0;
				PRODUCT_BUNDLE_IDENTIFIER = com.rishabh.FreeYTUITests;
				PRODUCT_NAME = "$(TARGET_NAME)";
				STRING_CATALOG_GENERATE_SYMBOLS = NO;
				SWIFT_APPROACHABLE_CONCURRENCY = YES;
				SWIFT_EMIT_LOC_STRINGS = NO;
				SWIFT_UPCOMING_FEATURE_MEMBER_IMPORT_VISIBILITY = YES;
				SWIFT_VERSION = 5.0;
				TARGETED_DEVICE_FAMILY = "1,2";
				TEST_TARGET_NAME = FreeYT;
			};
			name = Debug;
		};
		494052D12EA56865008381B4 /* Release configuration for PBXNativeTarget "FreeYTUITests" */ = {
			isa = XCBuildConfiguration;
			buildSettings = {
				CODE_SIGN_STYLE = Automatic;
				CURRENT_PROJECT_VERSION = 1;
				DEVELOPMENT_TEAM = UZD4BS94DT;
				GENERATE_INFOPLIST_FILE = YES;
				MARKETING_VERSION = 1.0;
				PRODUCT_BUNDLE_IDENTIFIER = com.rishabh.FreeYTUITests;
				PRODUCT_NAME = "$(TARGET_NAME)";
				STRING_CATALOG_GENERATE_SYMBOLS = NO;
				SWIFT_APPROACHABLE_CONCURRENCY = YES;
				SWIFT_EMIT_LOC_STRINGS = NO;
				SWIFT_UPCOMING_FEATURE_MEMBER_IMPORT_VISIBILITY = YES;
				SWIFT_VERSION = 5.0;
				TARGETED_DEVICE_FAMILY = "1,2";
				TEST_TARGET_NAME = FreeYT;
			};
			name = Release;
		};
/* End XCBuildConfiguration section */

/* Begin XCConfigurationList section */
		4940526F2EA56864008381B4 /* Build configuration list for PBXProject "FreeYT" */ = {
			isa = XCConfigurationList;
			buildConfigurations = (
				494052CA2EA56865008381B4 /* Debug configuration for PBXProject "FreeYT" */,
				494052CB2EA56865008381B4 /* Release configuration for PBXProject "FreeYT" */,
			);
			defaultConfigurationName = Release;
		};
		494052C22EA56865008381B4 /* Build configuration list for PBXNativeTarget "FreeYT Extension" */ = {
			isa = XCConfigurationList;
			buildConfigurations = (
				494052C32EA56865008381B4 /* Debug configuration for PBXNativeTarget "FreeYT Extension" */,
				494052C42EA56865008381B4 /* Release configuration for PBXNativeTarget "FreeYT Extension" */,
			);
			defaultConfigurationName = Release;
		};
		494052C72EA56865008381B4 /* Build configuration list for PBXNativeTarget "FreeYT" */ = {
			isa = XCConfigurationList;
			buildConfigurations = (
				494052C82EA56865008381B4 /* Debug configuration for PBXNativeTarget "FreeYT" */,
				494052C92EA56865008381B4 /* Release configuration for PBXNativeTarget "FreeYT" */,
			);
			defaultConfigurationName = Release;
		};
		494052CC2EA56865008381B4 /* Build configuration list for PBXNativeTarget "FreeYTTests" */ = {
			isa = XCConfigurationList;
			buildConfigurations = (
				494052CD2EA56865008381B4 /* Debug configuration for PBXNativeTarget "FreeYTTests" */,
				494052CE2EA56865008381B4 /* Release configuration for PBXNativeTarget "FreeYTTests" */,
			);
			defaultConfigurationName = Release;
		};
		494052CF2EA56865008381B4 /* Build configuration list for PBXNativeTarget "FreeYTUITests" */ = {
			isa = XCConfigurationList;
			buildConfigurations = (
				494052D02EA56865008381B4 /* Debug configuration for PBXNativeTarget "FreeYTUITests" */,
				494052D12EA56865008381B4 /* Release configuration for PBXNativeTarget "FreeYTUITests" */,
			);
			defaultConfigurationName = Release;
		};
/* End XCConfigurationList section */
	};
	rootObject = 4940526C2EA56864008381B4 /* Project object */;
}
